// !$*UTF8*$!
{
	archiveVersion = 1;
	classes = {
	};
	objectVersion = 46;
	objects = {

/* Begin PBXBuildFile section */
		EF83BF741E596AB900FAF7B8 /* ImageHelper.swift in Sources */ = {isa = PBXBuildFile; fileRef = EF83BF731E596AB900FAF7B8 /* ImageHelper.swift */; };
		EF83BF781E596C9A00FAF7B8 /* CameraViewController.swift in Sources */ = {isa = PBXBuildFile; fileRef = EF83BF771E596C9A00FAF7B8 /* CameraViewController.swift */; };
		EFC0ECF41E59AB3D003FF219 /* PageViewController.swift in Sources */ = {isa = PBXBuildFile; fileRef = EFC0ECF31E59AB3D003FF219 /* PageViewController.swift */; };
		EFF3235E1E591024008086D4 /* AppDelegate.swift in Sources */ = {isa = PBXBuildFile; fileRef = EFF3235D1E591024008086D4 /* AppDelegate.swift */; };
		EFF323601E591024008086D4 /* EmitterViewController.swift in Sources */ = {isa = PBXBuildFile; fileRef = EFF3235F1E591024008086D4 /* EmitterViewController.swift */; };
		EFF323631E591024008086D4 /* Main.storyboard in Resources */ = {isa = PBXBuildFile; fileRef = EFF323611E591024008086D4 /* Main.storyboard */; };
		EFF323651E591024008086D4 /* Assets.xcassets in Resources */ = {isa = PBXBuildFile; fileRef = EFF323641E591024008086D4 /* Assets.xcassets */; };
		EFF323681E591024008086D4 /* LaunchScreen.storyboard in Resources */ = {isa = PBXBuildFile; fileRef = EFF323661E591024008086D4 /* LaunchScreen.storyboard */; };
/* End PBXBuildFile section */

/* Begin PBXFileReference section */
		EF83BF731E596AB900FAF7B8 /* ImageHelper.swift */ = {isa = PBXFileReference; fileEncoding = 4; lastKnownFileType = sourcecode.swift; path = ImageHelper.swift; sourceTree = "<group>"; };
		EF83BF771E596C9A00FAF7B8 /* CameraViewController.swift */ = {isa = PBXFileReference; fileEncoding = 4; lastKnownFileType = sourcecode.swift; path = CameraViewController.swift; sourceTree = "<group>"; };
		EFC0ECF31E59AB3D003FF219 /* PageViewController.swift */ = {isa = PBXFileReference; fileEncoding = 4; lastKnownFileType = sourcecode.swift; path = PageViewController.swift; sourceTree = "<group>"; };
		EFF3235A1E591024008086D4 /* FaceSplash.app */ = {isa = PBXFileReference; explicitFileType = wrapper.application; includeInIndex = 0; path = FaceSplash.app; sourceTree = BUILT_PRODUCTS_DIR; };
		EFF3235D1E591024008086D4 /* AppDelegate.swift */ = {isa = PBXFileReference; lastKnownFileType = sourcecode.swift; path = AppDelegate.swift; sourceTree = "<group>"; };
		EFF3235F1E591024008086D4 /* EmitterViewController.swift */ = {isa = PBXFileReference; lastKnownFileType = sourcecode.swift; path = EmitterViewController.swift; sourceTree = "<group>"; };
		EFF323621E591024008086D4 /* Base */ = {isa = PBXFileReference; lastKnownFileType = file.storyboard; name = Base; path = Base.lproj/Main.storyboard; sourceTree = "<group>"; };
		EFF323641E591024008086D4 /* Assets.xcassets */ = {isa = PBXFileReference; lastKnownFileType = folder.assetcatalog; path = Assets.xcassets; sourceTree = "<group>"; };
		EFF323671E591024008086D4 /* Base */ = {isa = PBXFileReference; lastKnownFileType = file.storyboard; name = Base; path = Base.lproj/LaunchScreen.storyboard; sourceTree = "<group>"; };
		EFF323691E591024008086D4 /* Info.plist */ = {isa = PBXFileReference; lastKnownFileType = text.plist.xml; path = Info.plist; sourceTree = "<group>"; };
/* End PBXFileReference section */

/* Begin PBXFrameworksBuildPhase section */
		EFF323571E591024008086D4 /* Frameworks */ = {
			isa = PBXFrameworksBuildPhase;
			buildActionMask = 2147483647;
			files = (
			);
			runOnlyForDeploymentPostprocessing = 0;
		};
/* End PBXFrameworksBuildPhase section */

/* Begin PBXGroup section */
		EF83BF751E596AC300FAF7B8 /* Helper */ = {
			isa = PBXGroup;
			children = (
				EF83BF731E596AB900FAF7B8 /* ImageHelper.swift */,
			);
			name = Helper;
			sourceTree = "<group>";
		};
		EF83BF761E596AD300FAF7B8 /* Controller */ = {
			isa = PBXGroup;
			children = (
				EFC0ECF31E59AB3D003FF219 /* PageViewController.swift */,
				EFF3235F1E591024008086D4 /* EmitterViewController.swift */,
				EF83BF771E596C9A00FAF7B8 /* CameraViewController.swift */,
			);
			name = Controller;
			sourceTree = "<group>";
		};
		EFF323511E591024008086D4 = {
			isa = PBXGroup;
			children = (
				EFF3235C1E591024008086D4 /* FaceSplash */,
				EFF3235B1E591024008086D4 /* Products */,
			);
			sourceTree = "<group>";
		};
		EFF3235B1E591024008086D4 /* Products */ = {
			isa = PBXGroup;
			children = (
				EFF3235A1E591024008086D4 /* FaceSplash.app */,
			);
			name = Products;
			sourceTree = "<group>";
		};
		EFF3235C1E591024008086D4 /* FaceSplash */ = {
			isa = PBXGroup;
			children = (
				EFF3235D1E591024008086D4 /* AppDelegate.swift */,
				EF83BF751E596AC300FAF7B8 /* Helper */,
				EF83BF761E596AD300FAF7B8 /* Controller */,
				EFF323611E591024008086D4 /* Main.storyboard */,
				EFF323641E591024008086D4 /* Assets.xcassets */,
				EFF323661E591024008086D4 /* LaunchScreen.storyboard */,
				EFF323691E591024008086D4 /* Info.plist */,
			);
			path = FaceSplash;
			sourceTree = "<group>";
		};
/* End PBXGroup section */

/* Begin PBXNativeTarget section */
		EFF323591E591024008086D4 /* FaceSplash */ = {
			isa = PBXNativeTarget;
			buildConfigurationList = EFF3236C1E591024008086D4 /* Build configuration list for PBXNativeTarget "FaceSplash" */;
			buildPhases = (
				EFF323561E591024008086D4 /* Sources */,
				EFF323571E591024008086D4 /* Frameworks */,
				EFF323581E591024008086D4 /* Resources */,
			);
			buildRules = (
			);
			dependencies = (
			);
			name = FaceSplash;
			productName = FaceSplash;
			productReference = EFF3235A1E591024008086D4 /* FaceSplash.app */;
			productType = "com.apple.product-type.application";
		};
/* End PBXNativeTarget section */

/* Begin PBXProject section */
		EFF323521E591024008086D4 /* Project object */ = {
			isa = PBXProject;
			attributes = {
				LastSwiftUpdateCheck = 0820;
				LastUpgradeCheck = 0820;
				ORGANIZATIONNAME = "Sam Lee";
				TargetAttributes = {
					EFF323591E591024008086D4 = {
						CreatedOnToolsVersion = 8.2.1;
						DevelopmentTeam = Y38T3TH9N8;
						ProvisioningStyle = Automatic;
					};
				};
			};
			buildConfigurationList = EFF323551E591024008086D4 /* Build configuration list for PBXProject "FaceSplash" */;
			compatibilityVersion = "Xcode 3.2";
			developmentRegion = English;
			hasScannedForEncodings = 0;
			knownRegions = (
				en,
				Base,
			);
			mainGroup = EFF323511E591024008086D4;
			productRefGroup = EFF3235B1E591024008086D4 /* Products */;
			projectDirPath = "";
			projectRoot = "";
			targets = (
				EFF323591E591024008086D4 /* FaceSplash */,
			);
		};
/* End PBXProject section */

/* Begin PBXResourcesBuildPhase section */
		EFF323581E591024008086D4 /* Resources */ = {
			isa = PBXResourcesBuildPhase;
			buildActionMask = 2147483647;
			files = (
				EFF323681E591024008086D4 /* LaunchScreen.storyboard in Resources */,
				EFF323651E591024008086D4 /* Assets.xcassets in Resources */,
				EFF323631E591024008086D4 /* Main.storyboard in Resources */,
			);
			runOnlyForDeploymentPostprocessing = 0;
		};
/* End PBXResourcesBuildPhase section */

/* Begin PBXSourcesBuildPhase section */
		EFF323561E591024008086D4 /* Sources */ = {
			isa = PBXSourcesBuildPhase;
			buildActionMask = 2147483647;
			files = (
				EFF323601E591024008086D4 /* EmitterViewController.swift in Sources */,
				EFC0ECF41E59AB3D003FF219 /* PageViewController.swift in Sources */,
				EF83BF781E596C9A00FAF7B8 /* CameraViewController.swift in Sources */,
				EFF3235E1E591024008086D4 /* AppDelegate.swift in Sources */,
				EF83BF741E596AB900FAF7B8 /* ImageHelper.swift in Sources */,
			);
			runOnlyForDeploymentPostprocessing = 0;
		};
/* End PBXSourcesBuildPhase section */

/* Begin PBXVariantGroup section */
		EFF323611E591024008086D4 /* Main.storyboard */ = {
			isa = PBXVariantGroup;
			children = (
				EFF323621E591024008086D4 /* Base */,
			);
			name = Main.storyboard;
			sourceTree = "<group>";
		};
		EFF323661E591024008086D4 /* LaunchScreen.storyboard */ = {
			isa = PBXVariantGroup;
			children = (
				EFF323671E591024008086D4 /* Base */,
			);
			name = LaunchScreen.storyboard;
			sourceTree = "<group>";
		};
/* End PBXVariantGroup section */

/* Begin XCBuildConfiguration section */
		EFF3236A1E591024008086D4 /* Debug */ = {
			isa = XCBuildConfiguration;
			buildSettings = {
				ALWAYS_SEARCH_USER_PATHS = NO;
				CLANG_ANALYZER_NONNULL = YES;
				CLANG_CXX_LANGUAGE_STANDARD = "gnu++0x";
				CLANG_CXX_LIBRARY = "libc++";
				CLANG_ENABLE_MODULES = YES;
				CLANG_ENABLE_OBJC_ARC = YES;
				CLANG_WARN_BOOL_CONVERSION = YES;
				CLANG_WARN_CONSTANT_CONVERSION = YES;
				CLANG_WARN_DIRECT_OBJC_ISA_USAGE = YES_ERROR;
				CLANG_WARN_DOCUMENTATION_COMMENTS = YES;
				CLANG_WARN_EMPTY_BODY = YES;
				CLANG_WARN_ENUM_CONVERSION = YES;
				CLANG_WARN_INFINITE_RECURSION = YES;
				CLANG_WARN_INT_CONVERSION = YES;
				CLANG_WARN_OBJC_ROOT_CLASS = YES_ERROR;
				CLANG_WARN_SUSPICIOUS_MOVE = YES;
				CLANG_WARN_UNREACHABLE_CODE = YES;
				CLANG_WARN__DUPLICATE_METHOD_MATCH = YES;
				"CODE_SIGN_IDENTITY[sdk=iphoneos*]" = "iPhone Developer";
				COPY_PHASE_STRIP = NO;
				DEBUG_INFORMATION_FORMAT = dwarf;
				ENABLE_STRICT_OBJC_MSGSEND = YES;
				ENABLE_TESTABILITY = YES;
				GCC_C_LANGUAGE_STANDARD = gnu99;
				GCC_DYNAMIC_NO_PIC = NO;
				GCC_NO_COMMON_BLOCKS = YES;
				GCC_OPTIMIZATION_LEVEL = 0;
				GCC_PREPROCESSOR_DEFINITIONS = (
					"DEBUG=1",
					"$(inherited)",
				);
				GCC_WARN_64_TO_32_BIT_CONVERSION = YES;
				GCC_WARN_ABOUT_RETURN_TYPE = YES_ERROR;
				GCC_WARN_UNDECLARED_SELECTOR = YES;
				GCC_WARN_UNINITIALIZED_AUTOS = YES_AGGRESSIVE;
				GCC_WARN_UNUSED_FUNCTION = YES;
				GCC_WARN_UNUSED_VARIABLE = YES;
				IPHONEOS_DEPLOYMENT_TARGET = 10.2;
				MTL_ENABLE_DEBUG_INFO = YES;
				ONLY_ACTIVE_ARCH = YES;
				SDKROOT = iphoneos;
				SWIFT_ACTIVE_COMPILATION_CONDITIONS = DEBUG;
				SWIFT_OPTIMIZATION_LEVEL = "-Onone";
			};
			name = Debug;
		};
		EFF3236B1E591024008086D4 /* Release */ = {
			isa = XCBuildConfiguration;
			buildSettings = {
				ALWAYS_SEARCH_USER_PATHS = NO;
				CLANG_ANALYZER_NONNULL = YES;
				CLANG_CXX_LANGUAGE_STANDARD = "gnu++0x";
				CLANG_CXX_LIBRARY = "libc++";
				CLANG_ENABLE_MODULES = YES;
				CLANG_ENABLE_OBJC_ARC = YES;
				CLANG_WARN_BOOL_CONVERSION = YES;
				CLANG_WARN_CONSTANT_CONVERSION = YES;
				CLANG_WARN_DIRECT_OBJC_ISA_USAGE = YES_ERROR;
				CLANG_WARN_DOCUMENTATION_COMMENTS = YES;
				CLANG_WARN_EMPTY_BODY = YES;
				CLANG_WARN_ENUM_CONVERSION = YES;
				CLANG_WARN_INFINITE_RECURSION = YES;
				CLANG_WARN_INT_CONVERSION = YES;
				CLANG_WARN_OBJC_ROOT_CLASS = YES_ERROR;
				CLANG_WARN_SUSPICIOUS_MOVE = YES;
				CLANG_WARN_UNREACHABLE_CODE = YES;
				CLANG_WARN__DUPLICATE_METHOD_MATCH = YES;
				"CODE_SIGN_IDENTITY[sdk=iphoneos*]" = "iPhone Developer";
				COPY_PHASE_STRIP = NO;
				DEBUG_INFORMATION_FORMAT = "dwarf-with-dsym";
				ENABLE_NS_ASSERTIONS = NO;
				ENABLE_STRICT_OBJC_MSGSEND = YES;
				GCC_C_LANGUAGE_STANDARD = gnu99;
				GCC_NO_COMMON_BLOCKS = YES;
				GCC_WARN_64_TO_32_BIT_CONVERSION = YES;
				GCC_WARN_ABOUT_RETURN_TYPE = YES_ERROR;
				GCC_WARN_UNDECLARED_SELECTOR = YES;
				GCC_WARN_UNINITIALIZED_AUTOS = YES_AGGRESSIVE;
				GCC_WARN_UNUSED_FUNCTION = YES;
				GCC_WARN_UNUSED_VARIABLE = YES;
				IPHONEOS_DEPLOYMENT_TARGET = 10.2;
				MTL_ENABLE_DEBUG_INFO = NO;
				SDKROOT = iphoneos;
				SWIFT_OPTIMIZATION_LEVEL = "-Owholemodule";
				VALIDATE_PRODUCT = YES;
			};
			name = Release;
		};
		EFF3236D1E591024008086D4 /* Debug */ = {
			isa = XCBuildConfiguration;
			buildSettings = {
				ASSETCATALOG_COMPILER_APPICON_NAME = AppIcon;
				DEVELOPMENT_TEAM = Y38T3TH9N8;
				INFOPLIST_FILE = FaceSplash/Info.plist;
				LD_RUNPATH_SEARCH_PATHS = "$(inherited) @executable_path/Frameworks";
				PRODUCT_BUNDLE_IDENTIFIER = com.samL.FaceSplash;
				PRODUCT_NAME = "$(TARGET_NAME)";
				SWIFT_VERSION = 3.0;
			};
			name = Debug;
		};
		EFF3236E1E591024008086D4 /* Release */ = {
			isa = XCBuildConfiguration;
			buildSettings = {
				ASSETCATALOG_COMPILER_APPICON_NAME = AppIcon;
				DEVELOPMENT_TEAM = Y38T3TH9N8;
				INFOPLIST_FILE = FaceSplash/Info.plist;
				LD_RUNPATH_SEARCH_PATHS = "$(inherited) @executable_path/Frameworks";
				PRODUCT_BUNDLE_IDENTIFIER = com.samL.FaceSplash;
				PRODUCT_NAME = "$(TARGET_NAME)";
				SWIFT_VERSION = 3.0;
			};
			name = Release;
		};
/* End XCBuildConfiguration section */

/* Begin XCConfigurationList section */
		EFF323551E591024008086D4 /* Build configuration list for PBXProject "FaceSplash" */ = {
			isa = XCConfigurationList;
			buildConfigurations = (
				EFF3236A1E591024008086D4 /* Debug */,
				EFF3236B1E591024008086D4 /* Release */,
			);
			defaultConfigurationIsVisible = 0;
			defaultConfigurationName = Release;
		};
		EFF3236C1E591024008086D4 /* Build configuration list for PBXNativeTarget "FaceSplash" */ = {
			isa = XCConfigurationList;
			buildConfigurations = (
				EFF3236D1E591024008086D4 /* Debug */,
				EFF3236E1E591024008086D4 /* Release */,
			);
			defaultConfigurationIsVisible = 0;
			defaultConfigurationName = Release;
		};
/* End XCConfigurationList section */
	};
	rootObject = EFF323521E591024008086D4 /* Project object */;
}
